
Microsoft Visual Studio Solution File, Format Version 12.00
# Visual Studio Version 16
VisualStudioVersion = 16.0.31005.135
MinimumVisualStudioVersion = 10.0.40219.1
Project("{9A19103F-16F7-4668-BE54-9A1E7A4F7556}") = "Tivi", "Tivi.csproj", "{131FFDCA-A12B-4EE5-AC94-911DCD46510B}"
EndProject
Global
	GlobalSection(SolutionConfigurationPlatforms) = preSolution
		Debug|Any CPU = Debug|Any CPU
		Release|Any CPU = Release|Any CPU
	EndGlobalSection
	GlobalSection(ProjectConfigurationPlatforms) = postSolution
		{131FFDCA-A12B-4EE5-AC94-911DCD46510B}.Debug|Any CPU.ActiveCfg = Debug|Any CPU
		{131FFDCA-A12B-4EE5-AC94-911DCD46510B}.Debug|Any CPU.Build.0 = Debug|Any CPU
		{131FFDCA-A12B-4EE5-AC94-911DCD46510B}.Release|Any CPU.ActiveCfg = Release|Any CPU
		{131FFDCA-A12B-4EE5-AC94-911DCD46510B}.Release|Any CPU.Build.0 = Release|Any CPU
	EndGlobalSection
	GlobalSection(SolutionProperties) = preSolution
		HideSolutionNode = FALSE
	EndGlobalSection
	GlobalSection(ExtensibilityGlobals) = postSolution
		SolutionGuid = {7B1CFE95-8CF6-4088-A917-50644256DABC}
	EndGlobalSection
EndGlobal
